{
  "name": "@your-analytics/query-api",
  "version": "1.0.0",
  "lockfileVersion": 1,
  "requires": true,
  "dependencies": {
    "@apla/clickhouse": {
      "version": "1.6.3",
      "resolved": "https://registry.npmjs.org/@apla/clickhouse/-/clickhouse-1.6.3.tgz",
      "integrity": "sha512-pSpwVWRvgP/R41T3BYY3TaKitM0JSB25ic3ifRNy9SJ/WJt/3LtKCwL5/viCWMTgeLtOK3T9n7wNyZSv78m0IQ=="
    }
  }
}
