{
  "name": "@your-analytics/clickhouse",
  "version": "1.0.0",
  "lockfileVersion": 1,
  "requires": true,
  "dependencies": {
    "@apla/clickhouse": {
      "version": "1.6.4",
      "resolved": "https://registry.npmjs.org/@apla/clickhouse/-/clickhouse-1.6.4.tgz",
      "integrity": "sha512-zOLL/lOaXrk+l8XS8eDGZfqOy1yKwYQirQtHtyrLxAHlJMNRKBosjK2gVUyCZ94fAIpE8lLUZRxFDid2Vmqxnw=="
    },
    "date-fns": {
      "version": "2.16.1",
      "resolved": "https://registry.npmjs.org/date-fns/-/date-fns-2.16.1.tgz",
      "integrity": "sha512-sAJVKx/FqrLYHAQeN7VpJrPhagZc9R4ImZIWYRFZaaohR3KzmuK88touwsSwSVT8Qcbd4zoDsnGfX4GFB4imyQ=="
    }
  }
}
