{
  "name": "@your-analytics/clickhouse",
  "version": "1.0.0",
  "lockfileVersion": 1,
  "requires": true,
  "dependencies": {
    "@apla/clickhouse": {
      "version": "1.6.4",
      "resolved": "https://registry.npmjs.org/@apla/clickhouse/-/clickhouse-1.6.4.tgz",
      "integrity": "sha512-zOLL/lOaXrk+l8XS8eDGZfqOy1yKwYQirQtHtyrLxAHlJMNRKBosjK2gVUyCZ94fAIpE8lLUZRxFDid2Vmqxnw=="
    }
  }
}
